// !$*UTF8*$!
{
	archiveVersion = 1;
	classes = {
	};
	objectVersion = 50;
	objects = {

/* Begin PBXBuildFile section */
		67DBB4C4264EACA1001EB01C /* UI_187App.swift in Sources */ = {isa = PBXBuildFile; fileRef = 67DBB4C3264EACA1001EB01C /* UI_187App.swift */; };
		67DBB4C6264EACA1001EB01C /* ContentView.swift in Sources */ = {isa = PBXBuildFile; fileRef = 67DBB4C5264EACA1001EB01C /* ContentView.swift */; };
		67DBB4C8264EACA3001EB01C /* Assets.xcassets in Resources */ = {isa = PBXBuildFile; fileRef = 67DBB4C7264EACA3001EB01C /* Assets.xcassets */; };
		67DBB4CB264EACA3001EB01C /* Preview Assets.xcassets in Resources */ = {isa = PBXBuildFile; fileRef = 67DBB4CA264EACA3001EB01C /* Preview Assets.xcassets */; };
		67DBB4D6264EACD0001EB01C /* Home.swift in Sources */ = {isa = PBXBuildFile; fileRef = 67DBB4D5264EACD0001EB01C /* Home.swift */; };
		67DBB4E5264EB257001EB01C /* Preview Assets.xcassets in Resources */ = {isa = PBXBuildFile; fileRef = 67DBB4E4264EB257001EB01C /* Preview Assets.xcassets */; };
		67DBB4EB264EB2B8001EB01C /* Home.swift in Sources */ = {isa = PBXBuildFile; fileRef = 67DBB4D5264EACD0001EB01C /* Home.swift */; };
		67DBB4EC264EB2BC001EB01C /* Assets.xcassets in Resources */ = {isa = PBXBuildFile; fileRef = 67DBB4C7264EACA3001EB01C /* Assets.xcassets */; };
		67DBB4ED264EB2C1001EB01C /* ContentView.swift in Sources */ = {isa = PBXBuildFile; fileRef = 67DBB4C5264EACA1001EB01C /* ContentView.swift */; };
		67DBB4EE264EB2C6001EB01C /* UI_187App.swift in Sources */ = {isa = PBXBuildFile; fileRef = 67DBB4C3264EACA1001EB01C /* UI_187App.swift */; };
/* End PBXBuildFile section */

/* Begin PBXFileReference section */
		67DBB4C0264EACA1001EB01C /* UI-187.app */ = {isa = PBXFileReference; explicitFileType = wrapper.application; includeInIndex = 0; path = "UI-187.app"; sourceTree = BUILT_PRODUCTS_DIR; };
		67DBB4C3264EACA1001EB01C /* UI_187App.swift */ = {isa = PBXFileReference; lastKnownFileType = sourcecode.swift; path = UI_187App.swift; sourceTree = "<group>"; };
		67DBB4C5264EACA1001EB01C /* ContentView.swift */ = {isa = PBXFileReference; lastKnownFileType = sourcecode.swift; path = ContentView.swift; sourceTree = "<group>"; };
		67DBB4C7264EACA3001EB01C /* Assets.xcassets */ = {isa = PBXFileReference; lastKnownFileType = folder.assetcatalog; path = Assets.xcassets; sourceTree = "<group>"; };
		67DBB4CA264EACA3001EB01C /* Preview Assets.xcassets */ = {isa = PBXFileReference; lastKnownFileType = folder.assetcatalog; path = "Preview Assets.xcassets"; sourceTree = "<group>"; };
		67DBB4CC264EACA3001EB01C /* Info.plist */ = {isa = PBXFileReference; lastKnownFileType = text.plist.xml; path = Info.plist; sourceTree = "<group>"; };
		67DBB4D5264EACD0001EB01C /* Home.swift */ = {isa = PBXFileReference; lastKnownFileType = sourcecode.swift; name = Home.swift; path = "UI-187/Home.swift"; sourceTree = SOURCE_ROOT; };
		67DBB4DB264EB255001EB01C /* UI-187 Mac.app */ = {isa = PBXFileReference; explicitFileType = wrapper.application; includeInIndex = 0; path = "UI-187 Mac.app"; sourceTree = BUILT_PRODUCTS_DIR; };
		67DBB4E4264EB257001EB01C /* Preview Assets.xcassets */ = {isa = PBXFileReference; lastKnownFileType = folder.assetcatalog; path = "Preview Assets.xcassets"; sourceTree = "<group>"; };
		67DBB4E6264EB257001EB01C /* Info.plist */ = {isa = PBXFileReference; lastKnownFileType = text.plist.xml; path = Info.plist; sourceTree = "<group>"; };
		67DBB4E7264EB257001EB01C /* UI_187_Mac.entitlements */ = {isa = PBXFileReference; lastKnownFileType = text.plist.entitlements; path = UI_187_Mac.entitlements; sourceTree = "<group>"; };
/* End PBXFileReference section */

/* Begin PBXFrameworksBuildPhase section */
		67DBB4BD264EACA1001EB01C /* Frameworks */ = {
			isa = PBXFrameworksBuildPhase;
			buildActionMask = 2147483647;
			files = (
			);
			runOnlyForDeploymentPostprocessing = 0;
		};
		67DBB4D8264EB255001EB01C /* Frameworks */ = {
			isa = PBXFrameworksBuildPhase;
			buildActionMask = 2147483647;
			files = (
			);
			runOnlyForDeploymentPostprocessing = 0;
		};
/* End PBXFrameworksBuildPhase section */

/* Begin PBXGroup section */
		67DBB4B7264EACA1001EB01C = {
			isa = PBXGroup;
			children = (
				67DBB4C2264EACA1001EB01C /* UI-187 */,
				67DBB4DC264EB255001EB01C /* UI-187 Mac */,
				67DBB4C1264EACA1001EB01C /* Products */,
			);
			sourceTree = "<group>";
		};
		67DBB4C1264EACA1001EB01C /* Products */ = {
			isa = PBXGroup;
			children = (
				67DBB4C0264EACA1001EB01C /* UI-187.app */,
				67DBB4DB264EB255001EB01C /* UI-187 Mac.app */,
			);
			name = Products;
			sourceTree = "<group>";
		};
		67DBB4C2264EACA1001EB01C /* UI-187 */ = {
			isa = PBXGroup;
			children = (
				67DBB4D4264EACC3001EB01C /* View */,
				67DBB4C3264EACA1001EB01C /* UI_187App.swift */,
				67DBB4C5264EACA1001EB01C /* ContentView.swift */,
				67DBB4C7264EACA3001EB01C /* Assets.xcassets */,
				67DBB4CC264EACA3001EB01C /* Info.plist */,
				67DBB4C9264EACA3001EB01C /* Preview Content */,
			);
			path = "UI-187";
			sourceTree = "<group>";
		};
		67DBB4C9264EACA3001EB01C /* Preview Content */ = {
			isa = PBXGroup;
			children = (
				67DBB4CA264EACA3001EB01C /* Preview Assets.xcassets */,
			);
			path = "Preview Content";
			sourceTree = "<group>";
		};
		67DBB4D4264EACC3001EB01C /* View */ = {
			isa = PBXGroup;
			children = (
				67DBB4D5264EACD0001EB01C /* Home.swift */,
			);
			name = View;
			path = "New Group";
			sourceTree = "<group>";
		};
		67DBB4DC264EB255001EB01C /* UI-187 Mac */ = {
			isa = PBXGroup;
			children = (
				67DBB4E6264EB257001EB01C /* Info.plist */,
				67DBB4E7264EB257001EB01C /* UI_187_Mac.entitlements */,
				67DBB4E3264EB257001EB01C /* Preview Content */,
			);
			path = "UI-187 Mac";
			sourceTree = "<group>";
		};
		67DBB4E3264EB257001EB01C /* Preview Content */ = {
			isa = PBXGroup;
			children = (
				67DBB4E4264EB257001EB01C /* Preview Assets.xcassets */,
			);
			path = "Preview Content";
			sourceTree = "<group>";
		};
/* End PBXGroup section */

/* Begin PBXNativeTarget section */
		67DBB4BF264EACA1001EB01C /* UI-187 */ = {
			isa = PBXNativeTarget;
			buildConfigurationList = 67DBB4CF264EACA3001EB01C /* Build configuration list for PBXNativeTarget "UI-187" */;
			buildPhases = (
				67DBB4BC264EACA1001EB01C /* Sources */,
				67DBB4BD264EACA1001EB01C /* Frameworks */,
				67DBB4BE264EACA1001EB01C /* Resources */,
			);
			buildRules = (
			);
			dependencies = (
			);
			name = "UI-187";
			productName = "UI-187";
			productReference = 67DBB4C0264EACA1001EB01C /* UI-187.app */;
			productType = "com.apple.product-type.application";
		};
		67DBB4DA264EB255001EB01C /* UI-187 Mac */ = {
			isa = PBXNativeTarget;
			buildConfigurationList = 67DBB4E8264EB257001EB01C /* Build configuration list for PBXNativeTarget "UI-187 Mac" */;
			buildPhases = (
				67DBB4D7264EB255001EB01C /* Sources */,
				67DBB4D8264EB255001EB01C /* Frameworks */,
				67DBB4D9264EB255001EB01C /* Resources */,
			);
			buildRules = (
			);
			dependencies = (
			);
			name = "UI-187 Mac";
			productName = "UI-187 Mac";
			productReference = 67DBB4DB264EB255001EB01C /* UI-187 Mac.app */;
			productType = "com.apple.product-type.application";
		};
/* End PBXNativeTarget section */

/* Begin PBXProject section */
		67DBB4B8264EACA1001EB01C /* Project object */ = {
			isa = PBXProject;
			attributes = {
				LastSwiftUpdateCheck = 1250;
				LastUpgradeCheck = 1250;
				TargetAttributes = {
					67DBB4BF264EACA1001EB01C = {
						CreatedOnToolsVersion = 12.5;
					};
					67DBB4DA264EB255001EB01C = {
						CreatedOnToolsVersion = 12.5;
					};
				};
			};
			buildConfigurationList = 67DBB4BB264EACA1001EB01C /* Build configuration list for PBXProject "UI-187" */;
			compatibilityVersion = "Xcode 9.3";
			developmentRegion = en;
			hasScannedForEncodings = 0;
			knownRegions = (
				en,
				Base,
			);
			mainGroup = 67DBB4B7264EACA1001EB01C;
			productRefGroup = 67DBB4C1264EACA1001EB01C /* Products */;
			projectDirPath = "";
			projectRoot = "";
			targets = (
				67DBB4BF264EACA1001EB01C /* UI-187 */,
				67DBB4DA264EB255001EB01C /* UI-187 Mac */,
			);
		};
/* End PBXProject section */

/* Begin PBXResourcesBuildPhase section */
		67DBB4BE264EACA1001EB01C /* Resources */ = {
			isa = PBXResourcesBuildPhase;
			buildActionMask = 2147483647;
			files = (
				67DBB4CB264EACA3001EB01C /* Preview Assets.xcassets in Resources */,
				67DBB4C8264EACA3001EB01C /* Assets.xcassets in Resources */,
			);
			runOnlyForDeploymentPostprocessing = 0;
		};
		67DBB4D9264EB255001EB01C /* Resources */ = {
			isa = PBXResourcesBuildPhase;
			buildActionMask = 2147483647;
			files = (
				67DBB4EC264EB2BC001EB01C /* Assets.xcassets in Resources */,
				67DBB4E5264EB257001EB01C /* Preview Assets.xcassets in Resources */,
			);
			runOnlyForDeploymentPostprocessing = 0;
		};
/* End PBXResourcesBuildPhase section */

/* Begin PBXSourcesBuildPhase section */
		67DBB4BC264EACA1001EB01C /* Sources */ = {
			isa = PBXSourcesBuildPhase;
			buildActionMask = 2147483647;
			files = (
				67DBB4C6264EACA1001EB01C /* ContentView.swift in Sources */,
				67DBB4C4264EACA1001EB01C /* UI_187App.swift in Sources */,
				67DBB4D6264EACD0001EB01C /* Home.swift in Sources */,
			);
			runOnlyForDeploymentPostprocessing = 0;
		};
		67DBB4D7264EB255001EB01C /* Sources */ = {
			isa = PBXSourcesBuildPhase;
			buildActionMask = 2147483647;
			files = (
				67DBB4ED264EB2C1001EB01C /* ContentView.swift in Sources */,
				67DBB4EB264EB2B8001EB01C /* Home.swift in Sources */,
				67DBB4EE264EB2C6001EB01C /* UI_187App.swift in Sources */,
			);
			runOnlyForDeploymentPostprocessing = 0;
		};
/* End PBXSourcesBuildPhase section */

/* Begin XCBuildConfiguration section */
		67DBB4CD264EACA3001EB01C /* Debug */ = {
			isa = XCBuildConfiguration;
			buildSettings = {
				ALWAYS_SEARCH_USER_PATHS = NO;
				CLANG_ANALYZER_NONNULL = YES;
				CLANG_ANALYZER_NUMBER_OBJECT_CONVERSION = YES_AGGRESSIVE;
				CLANG_CXX_LANGUAGE_STANDARD = "gnu++14";
				CLANG_CXX_LIBRARY = "libc++";
				CLANG_ENABLE_MODULES = YES;
				CLANG_ENABLE_OBJC_ARC = YES;
				CLANG_ENABLE_OBJC_WEAK = YES;
				CLANG_WARN_BLOCK_CAPTURE_AUTORELEASING = YES;
				CLANG_WARN_BOOL_CONVERSION = YES;
				CLANG_WARN_COMMA = YES;
				CLANG_WARN_CONSTANT_CONVERSION = YES;
				CLANG_WARN_DEPRECATED_OBJC_IMPLEMENTATIONS = YES;
				CLANG_WARN_DIRECT_OBJC_ISA_USAGE = YES_ERROR;
				CLANG_WARN_DOCUMENTATION_COMMENTS = YES;
				CLANG_WARN_EMPTY_BODY = YES;
				CLANG_WARN_ENUM_CONVERSION = YES;
				CLANG_WARN_INFINITE_RECURSION = YES;
				CLANG_WARN_INT_CONVERSION = YES;
				CLANG_WARN_NON_LITERAL_NULL_CONVERSION = YES;
				CLANG_WARN_OBJC_IMPLICIT_RETAIN_SELF = YES;
				CLANG_WARN_OBJC_LITERAL_CONVERSION = YES;
				CLANG_WARN_OBJC_ROOT_CLASS = YES_ERROR;
				CLANG_WARN_QUOTED_INCLUDE_IN_FRAMEWORK_HEADER = YES;
				CLANG_WARN_RANGE_LOOP_ANALYSIS = YES;
				CLANG_WARN_STRICT_PROTOTYPES = YES;
				CLANG_WARN_SUSPICIOUS_MOVE = YES;
				CLANG_WARN_UNGUARDED_AVAILABILITY = YES_AGGRESSIVE;
				CLANG_WARN_UNREACHABLE_CODE = YES;
				CLANG_WARN__DUPLICATE_METHOD_MATCH = YES;
				COPY_PHASE_STRIP = NO;
				DEBUG_INFORMATION_FORMAT = dwarf;
				ENABLE_STRICT_OBJC_MSGSEND = YES;
				ENABLE_TESTABILITY = YES;
				GCC_C_LANGUAGE_STANDARD = gnu11;
				GCC_DYNAMIC_NO_PIC = NO;
				GCC_NO_COMMON_BLOCKS = YES;
				GCC_OPTIMIZATION_LEVEL = 0;
				GCC_PREPROCESSOR_DEFINITIONS = (
					"DEBUG=1",
					"$(inherited)",
				);
				GCC_WARN_64_TO_32_BIT_CONVERSION = YES;
				GCC_WARN_ABOUT_RETURN_TYPE = YES_ERROR;
				GCC_WARN_UNDECLARED_SELECTOR = YES;
				GCC_WARN_UNINITIALIZED_AUTOS = YES_AGGRESSIVE;
				GCC_WARN_UNUSED_FUNCTION = YES;
				GCC_WARN_UNUSED_VARIABLE = YES;
				IPHONEOS_DEPLOYMENT_TARGET = 14.5;
				MTL_ENABLE_DEBUG_INFO = INCLUDE_SOURCE;
				MTL_FAST_MATH = YES;
				ONLY_ACTIVE_ARCH = YES;
				SDKROOT = iphoneos;
				SWIFT_ACTIVE_COMPILATION_CONDITIONS = DEBUG;
				SWIFT_OPTIMIZATION_LEVEL = "-Onone";
			};
			name = Debug;
		};
		67DBB4CE264EACA3001EB01C /* Release */ = {
			isa = XCBuildConfiguration;
			buildSettings = {
				ALWAYS_SEARCH_USER_PATHS = NO;
				CLANG_ANALYZER_NONNULL = YES;
				CLANG_ANALYZER_NUMBER_OBJECT_CONVERSION = YES_AGGRESSIVE;
				CLANG_CXX_LANGUAGE_STANDARD = "gnu++14";
				CLANG_CXX_LIBRARY = "libc++";
				CLANG_ENABLE_MODULES = YES;
				CLANG_ENABLE_OBJC_ARC = YES;
				CLANG_ENABLE_OBJC_WEAK = YES;
				CLANG_WARN_BLOCK_CAPTURE_AUTORELEASING = YES;
				CLANG_WARN_BOOL_CONVERSION = YES;
				CLANG_WARN_COMMA = YES;
				CLANG_WARN_CONSTANT_CONVERSION = YES;
				CLANG_WARN_DEPRECATED_OBJC_IMPLEMENTATIONS = YES;
				CLANG_WARN_DIRECT_OBJC_ISA_USAGE = YES_ERROR;
				CLANG_WARN_DOCUMENTATION_COMMENTS = YES;
				CLANG_WARN_EMPTY_BODY = YES;
				CLANG_WARN_ENUM_CONVERSION = YES;
				CLANG_WARN_INFINITE_RECURSION = YES;
				CLANG_WARN_INT_CONVERSION = YES;
				CLANG_WARN_NON_LITERAL_NULL_CONVERSION = YES;
				CLANG_WARN_OBJC_IMPLICIT_RETAIN_SELF = YES;
				CLANG_WARN_OBJC_LITERAL_CONVERSION = YES;
				CLANG_WARN_OBJC_ROOT_CLASS = YES_ERROR;
				CLANG_WARN_QUOTED_INCLUDE_IN_FRAMEWORK_HEADER = YES;
				CLANG_WARN_RANGE_LOOP_ANALYSIS = YES;
				CLANG_WARN_STRICT_PROTOTYPES = YES;
				CLANG_WARN_SUSPICIOUS_MOVE = YES;
				CLANG_WARN_UNGUARDED_AVAILABILITY = YES_AGGRESSIVE;
				CLANG_WARN_UNREACHABLE_CODE = YES;
				CLANG_WARN__DUPLICATE_METHOD_MATCH = YES;
				COPY_PHASE_STRIP = NO;
				DEBUG_INFORMATION_FORMAT = "dwarf-with-dsym";
				ENABLE_NS_ASSERTIONS = NO;
				ENABLE_STRICT_OBJC_MSGSEND = YES;
				GCC_C_LANGUAGE_STANDARD = gnu11;
				GCC_NO_COMMON_BLOCKS = YES;
				GCC_WARN_64_TO_32_BIT_CONVERSION = YES;
				GCC_WARN_ABOUT_RETURN_TYPE = YES_ERROR;
				GCC_WARN_UNDECLARED_SELECTOR = YES;
				GCC_WARN_UNINITIALIZED_AUTOS = YES_AGGRESSIVE;
				GCC_WARN_UNUSED_FUNCTION = YES;
				GCC_WARN_UNUSED_VARIABLE = YES;
				IPHONEOS_DEPLOYMENT_TARGET = 14.5;
				MTL_ENABLE_DEBUG_INFO = NO;
				MTL_FAST_MATH = YES;
				SDKROOT = iphoneos;
				SWIFT_COMPILATION_MODE = wholemodule;
				SWIFT_OPTIMIZATION_LEVEL = "-O";
				VALIDATE_PRODUCT = YES;
			};
			name = Release;
		};
		67DBB4D0264EACA3001EB01C /* Debug */ = {
			isa = XCBuildConfiguration;
			buildSettings = {
				ASSETCATALOG_COMPILER_APPICON_NAME = AppIcon;
				ASSETCATALOG_COMPILER_GLOBAL_ACCENT_COLOR_NAME = AccentColor;
				CODE_SIGN_STYLE = Automatic;
				DEVELOPMENT_ASSET_PATHS = "\"UI-187/Preview Content\"";
				ENABLE_PREVIEWS = YES;
				INFOPLIST_FILE = "UI-187/Info.plist";
				IPHONEOS_DEPLOYMENT_TARGET = 14.0;
				LD_RUNPATH_SEARCH_PATHS = (
					"$(inherited)",
					"@executable_path/Frameworks",
				);
				PRODUCT_BUNDLE_IDENTIFIER = "com.uzu.UI-187";
				PRODUCT_NAME = "$(TARGET_NAME)";
				SWIFT_VERSION = 5.0;
				TARGETED_DEVICE_FAMILY = "1,2";
			};
			name = Debug;
		};
		67DBB4D1264EACA3001EB01C /* Release */ = {
			isa = XCBuildConfiguration;
			buildSettings = {
				ASSETCATALOG_COMPILER_APPICON_NAME = AppIcon;
				ASSETCATALOG_COMPILER_GLOBAL_ACCENT_COLOR_NAME = AccentColor;
				CODE_SIGN_STYLE = Automatic;
				DEVELOPMENT_ASSET_PATHS = "\"UI-187/Preview Content\"";
				ENABLE_PREVIEWS = YES;
				INFOPLIST_FILE = "UI-187/Info.plist";
				IPHONEOS_DEPLOYMENT_TARGET = 14.0;
				LD_RUNPATH_SEARCH_PATHS = (
					"$(inherited)",
					"@executable_path/Frameworks",
				);
				PRODUCT_BUNDLE_IDENTIFIER = "com.uzu.UI-187";
				PRODUCT_NAME = "$(TARGET_NAME)";
				SWIFT_VERSION = 5.0;
				TARGETED_DEVICE_FAMILY = "1,2";
			};
			name = Release;
		};
		67DBB4E9264EB257001EB01C /* Debug */ = {
			isa = XCBuildConfiguration;
			buildSettings = {
				ASSETCATALOG_COMPILER_APPICON_NAME = AppIcon;
				ASSETCATALOG_COMPILER_GLOBAL_ACCENT_COLOR_NAME = AccentColor;
				CODE_SIGN_ENTITLEMENTS = "UI-187 Mac/UI_187_Mac.entitlements";
				CODE_SIGN_STYLE = Automatic;
				COMBINE_HIDPI_IMAGES = YES;
				DEVELOPMENT_ASSET_PATHS = "\"UI-187 Mac/Preview Content\"";
				ENABLE_PREVIEWS = YES;
				INFOPLIST_FILE = "UI-187 Mac/Info.plist";
				LD_RUNPATH_SEARCH_PATHS = (
					"$(inherited)",
					"@executable_path/../Frameworks",
				);
				MACOSX_DEPLOYMENT_TARGET = 11.2;
				PRODUCT_BUNDLE_IDENTIFIER = "com.uzu.UI-187-Mac";
				PRODUCT_NAME = "$(TARGET_NAME)";
				SDKROOT = macosx;
				SWIFT_VERSION = 5.0;
			};
			name = Debug;
		};
		67DBB4EA264EB257001EB01C /* Release */ = {
			isa = XCBuildConfiguration;
			buildSettings = {
				ASSETCATALOG_COMPILER_APPICON_NAME = AppIcon;
				ASSETCATALOG_COMPILER_GLOBAL_ACCENT_COLOR_NAME = AccentColor;
				CODE_SIGN_ENTITLEMENTS = "UI-187 Mac/UI_187_Mac.entitlements";
				CODE_SIGN_STYLE = Automatic;
				COMBINE_HIDPI_IMAGES = YES;
				DEVELOPMENT_ASSET_PATHS = "\"UI-187 Mac/Preview Content\"";
				ENABLE_PREVIEWS = YES;
				INFOPLIST_FILE = "UI-187 Mac/Info.plist";
				LD_RUNPATH_SEARCH_PATHS = (
					"$(inherited)",
					"@executable_path/../Frameworks",
				);
				MACOSX_DEPLOYMENT_TARGET = 11.2;
				PRODUCT_BUNDLE_IDENTIFIER = "com.uzu.UI-187-Mac";
				PRODUCT_NAME = "$(TARGET_NAME)";
				SDKROOT = macosx;
				SWIFT_VERSION = 5.0;
			};
			name = Release;
		};
/* End XCBuildConfiguration section */

/* Begin XCConfigurationList section */
		67DBB4BB264EACA1001EB01C /* Build configuration list for PBXProject "UI-187" */ = {
			isa = XCConfigurationList;
			buildConfigurations = (
				67DBB4CD264EACA3001EB01C /* Debug */,
				67DBB4CE264EACA3001EB01C /* Release */,
			);
			defaultConfigurationIsVisible = 0;
			defaultConfigurationName = Release;
		};
		67DBB4CF264EACA3001EB01C /* Build configuration list for PBXNativeTarget "UI-187" */ = {
			isa = XCConfigurationList;
			buildConfigurations = (
				67DBB4D0264EACA3001EB01C /* Debug */,
				67DBB4D1264EACA3001EB01C /* Release */,
			);
			defaultConfigurationIsVisible = 0;
			defaultConfigurationName = Release;
		};
		67DBB4E8264EB257001EB01C /* Build configuration list for PBXNativeTarget "UI-187 Mac" */ = {
			isa = XCConfigurationList;
			buildConfigurations = (
				67DBB4E9264EB257001EB01C /* Debug */,
				67DBB4EA264EB257001EB01C /* Release */,
			);
			defaultConfigurationIsVisible = 0;
			defaultConfigurationName = Release;
		};
/* End XCConfigurationList section */
	};
	rootObject = 67DBB4B8264EACA1001EB01C /* Project object */;
}
